// !$*UTF8*$!
{
	archiveVersion = 1;
	classes = {
	};
	objectVersion = 50;
	objects = {

/* Begin PBXBuildFile section */
		8B3110BD21C27D5A001282B2 /* ViewController.swift in Sources */ = {isa = PBXBuildFile; fileRef = 8B3110B321C27D5A001282B2 /* ViewController.swift */; };
		8B3110C121C27D5B001282B2 /* TestCoreData.xcdatamodeld in Sources */ = {isa = PBXBuildFile; fileRef = 8B3110B921C27D5A001282B2 /* TestCoreData.xcdatamodeld */; };
		8B3110C221C27D5B001282B2 /* AppDelegate.swift in Sources */ = {isa = PBXBuildFile; fileRef = 8B3110BB21C27D5A001282B2 /* AppDelegate.swift */; };
		8B3110C621C27DD5001282B2 /* Repository.swift in Sources */ = {isa = PBXBuildFile; fileRef = 8B3110C421C27DD5001282B2 /* Repository.swift */; };
		8B3110C721C27DD5001282B2 /* CoreDataStack.swift in Sources */ = {isa = PBXBuildFile; fileRef = 8B3110C521C27DD5001282B2 /* CoreDataStack.swift */; };
		8B3110C821C27E3C001282B2 /* Assets.xcassets in Resources */ = {isa = PBXBuildFile; fileRef = 8B3110B421C27D5A001282B2 /* Assets.xcassets */; };
		8B3110C921C27E3C001282B2 /* LaunchScreen.storyboard in Resources */ = {isa = PBXBuildFile; fileRef = 8B3110B521C27D5A001282B2 /* LaunchScreen.storyboard */; };
		8B3110CA21C27E3C001282B2 /* Main.storyboard in Resources */ = {isa = PBXBuildFile; fileRef = 8B3110B721C27D5A001282B2 /* Main.storyboard */; };
/* End PBXBuildFile section */

/* Begin PBXFileReference section */
		8B31109621C2682D001282B2 /* CoreDataStackExample.app */ = {isa = PBXFileReference; explicitFileType = wrapper.application; includeInIndex = 0; path = CoreDataStackExample.app; sourceTree = BUILT_PRODUCTS_DIR; };
		8B3110B321C27D5A001282B2 /* ViewController.swift */ = {isa = PBXFileReference; fileEncoding = 4; lastKnownFileType = sourcecode.swift; path = ViewController.swift; sourceTree = "<group>"; };
		8B3110B421C27D5A001282B2 /* Assets.xcassets */ = {isa = PBXFileReference; lastKnownFileType = folder.assetcatalog; path = Assets.xcassets; sourceTree = "<group>"; };
		8B3110B621C27D5A001282B2 /* Base */ = {isa = PBXFileReference; lastKnownFileType = file.storyboard; name = Base; path = Base.lproj/LaunchScreen.storyboard; sourceTree = "<group>"; };
		8B3110B821C27D5A001282B2 /* Base */ = {isa = PBXFileReference; lastKnownFileType = file.storyboard; name = Base; path = Base.lproj/Main.storyboard; sourceTree = "<group>"; };
		8B3110BA21C27D5A001282B2 /* TestCoreData.xcdatamodel */ = {isa = PBXFileReference; lastKnownFileType = wrapper.xcdatamodel; path = TestCoreData.xcdatamodel; sourceTree = "<group>"; };
		8B3110BB21C27D5A001282B2 /* AppDelegate.swift */ = {isa = PBXFileReference; fileEncoding = 4; lastKnownFileType = sourcecode.swift; path = AppDelegate.swift; sourceTree = "<group>"; };
		8B3110BC21C27D5A001282B2 /* Info.plist */ = {isa = PBXFileReference; fileEncoding = 4; lastKnownFileType = text.plist.xml; path = Info.plist; sourceTree = "<group>"; };
		8B3110C421C27DD5001282B2 /* Repository.swift */ = {isa = PBXFileReference; fileEncoding = 4; lastKnownFileType = sourcecode.swift; name = Repository.swift; path = ../../Repository.swift; sourceTree = "<group>"; };
		8B3110C521C27DD5001282B2 /* CoreDataStack.swift */ = {isa = PBXFileReference; fileEncoding = 4; lastKnownFileType = sourcecode.swift; name = CoreDataStack.swift; path = ../../CoreDataStack.swift; sourceTree = "<group>"; };
/* End PBXFileReference section */

/* Begin PBXFrameworksBuildPhase section */
		8B31109321C2682D001282B2 /* Frameworks */ = {
			isa = PBXFrameworksBuildPhase;
			buildActionMask = 2147483647;
			files = (
			);
			runOnlyForDeploymentPostprocessing = 0;
		};
/* End PBXFrameworksBuildPhase section */

/* Begin PBXGroup section */
		8B31108D21C2682D001282B2 = {
			isa = PBXGroup;
			children = (
				8B3110B221C27D5A001282B2 /* CoreDataStackExample */,
				8B31109721C2682D001282B2 /* Products */,
			);
			sourceTree = "<group>";
		};
		8B31109721C2682D001282B2 /* Products */ = {
			isa = PBXGroup;
			children = (
				8B31109621C2682D001282B2 /* CoreDataStackExample.app */,
			);
			name = Products;
			sourceTree = "<group>";
		};
		8B3110B221C27D5A001282B2 /* CoreDataStackExample */ = {
			isa = PBXGroup;
			children = (
				8B3110C521C27DD5001282B2 /* CoreDataStack.swift */,
				8B3110C421C27DD5001282B2 /* Repository.swift */,
				8B3110B321C27D5A001282B2 /* ViewController.swift */,
				8B3110B421C27D5A001282B2 /* Assets.xcassets */,
				8B3110B521C27D5A001282B2 /* LaunchScreen.storyboard */,
				8B3110B721C27D5A001282B2 /* Main.storyboard */,
				8B3110B921C27D5A001282B2 /* TestCoreData.xcdatamodeld */,
				8B3110BB21C27D5A001282B2 /* AppDelegate.swift */,
				8B3110BC21C27D5A001282B2 /* Info.plist */,
			);
			path = CoreDataStackExample;
			sourceTree = "<group>";
		};
/* End PBXGroup section */

/* Begin PBXNativeTarget section */
		8B31109521C2682D001282B2 /* CoreDataStackExample */ = {
			isa = PBXNativeTarget;
			buildConfigurationList = 8B3110A821C2682E001282B2 /* Build configuration list for PBXNativeTarget "CoreDataStackExample" */;
			buildPhases = (
				8B31109221C2682D001282B2 /* Sources */,
				8B31109321C2682D001282B2 /* Frameworks */,
				8B31109421C2682D001282B2 /* Resources */,
			);
			buildRules = (
			);
			dependencies = (
			);
			name = CoreDataStackExample;
			productName = CoreDataStack;
			productReference = 8B31109621C2682D001282B2 /* CoreDataStackExample.app */;
			productType = "com.apple.product-type.application";
		};
/* End PBXNativeTarget section */

/* Begin PBXProject section */
		8B31108E21C2682D001282B2 /* Project object */ = {
			isa = PBXProject;
			attributes = {
				LastSwiftUpdateCheck = 1010;
				LastUpgradeCheck = 1010;
				ORGANIZATIONNAME = BooEat;
				TargetAttributes = {
					8B31109521C2682D001282B2 = {
						CreatedOnToolsVersion = 10.1;
					};
				};
			};
			buildConfigurationList = 8B31109121C2682D001282B2 /* Build configuration list for PBXProject "CoreDataStackExample" */;
			compatibilityVersion = "Xcode 9.3";
			developmentRegion = en;
			hasScannedForEncodings = 0;
			knownRegions = (
				en,
				Base,
			);
			mainGroup = 8B31108D21C2682D001282B2;
			productRefGroup = 8B31109721C2682D001282B2 /* Products */;
			projectDirPath = "";
			projectRoot = "";
			targets = (
				8B31109521C2682D001282B2 /* CoreDataStackExample */,
			);
		};
/* End PBXProject section */

/* Begin PBXResourcesBuildPhase section */
		8B31109421C2682D001282B2 /* Resources */ = {
			isa = PBXResourcesBuildPhase;
			buildActionMask = 2147483647;
			files = (
				8B3110C821C27E3C001282B2 /* Assets.xcassets in Resources */,
				8B3110C921C27E3C001282B2 /* LaunchScreen.storyboard in Resources */,
				8B3110CA21C27E3C001282B2 /* Main.storyboard in Resources */,
			);
			runOnlyForDeploymentPostprocessing = 0;
		};
/* End PBXResourcesBuildPhase section */

/* Begin PBXSourcesBuildPhase section */
		8B31109221C2682D001282B2 /* Sources */ = {
			isa = PBXSourcesBuildPhase;
			buildActionMask = 2147483647;
			files = (
				8B3110C721C27DD5001282B2 /* CoreDataStack.swift in Sources */,
				8B3110C221C27D5B001282B2 /* AppDelegate.swift in Sources */,
				8B3110C121C27D5B001282B2 /* TestCoreData.xcdatamodeld in Sources */,
				8B3110BD21C27D5A001282B2 /* ViewController.swift in Sources */,
				8B3110C621C27DD5001282B2 /* Repository.swift in Sources */,
			);
			runOnlyForDeploymentPostprocessing = 0;
		};
/* End PBXSourcesBuildPhase section */

/* Begin PBXVariantGroup section */
		8B3110B521C27D5A001282B2 /* LaunchScreen.storyboard */ = {
			isa = PBXVariantGroup;
			children = (
				8B3110B621C27D5A001282B2 /* Base */,
			);
			name = LaunchScreen.storyboard;
			sourceTree = "<group>";
		};
		8B3110B721C27D5A001282B2 /* Main.storyboard */ = {
			isa = PBXVariantGroup;
			children = (
				8B3110B821C27D5A001282B2 /* Base */,
			);
			name = Main.storyboard;
			sourceTree = "<group>";
		};
/* End PBXVariantGroup section */

/* Begin XCBuildConfiguration section */
		8B3110A621C2682E001282B2 /* Debug */ = {
			isa = XCBuildConfiguration;
			buildSettings = {
				ALWAYS_SEARCH_USER_PATHS = NO;
				CLANG_ANALYZER_NONNULL = YES;
				CLANG_ANALYZER_NUMBER_OBJECT_CONVERSION = YES_AGGRESSIVE;
				CLANG_CXX_LANGUAGE_STANDARD = "gnu++14";
				CLANG_CXX_LIBRARY = "libc++";
				CLANG_ENABLE_MODULES = YES;
				CLANG_ENABLE_OBJC_ARC = YES;
				CLANG_ENABLE_OBJC_WEAK = YES;
				CLANG_WARN_BLOCK_CAPTURE_AUTORELEASING = YES;
				CLANG_WARN_BOOL_CONVERSION = YES;
				CLANG_WARN_COMMA = YES;
				CLANG_WARN_CONSTANT_CONVERSION = YES;
				CLANG_WARN_DEPRECATED_OBJC_IMPLEMENTATIONS = YES;
				CLANG_WARN_DIRECT_OBJC_ISA_USAGE = YES_ERROR;
				CLANG_WARN_DOCUMENTATION_COMMENTS = YES;
				CLANG_WARN_EMPTY_BODY = YES;
				CLANG_WARN_ENUM_CONVERSION = YES;
				CLANG_WARN_INFINITE_RECURSION = YES;
				CLANG_WARN_INT_CONVERSION = YES;
				CLANG_WARN_NON_LITERAL_NULL_CONVERSION = YES;
				CLANG_WARN_OBJC_IMPLICIT_RETAIN_SELF = YES;
				CLANG_WARN_OBJC_LITERAL_CONVERSION = YES;
				CLANG_WARN_OBJC_ROOT_CLASS = YES_ERROR;
				CLANG_WARN_RANGE_LOOP_ANALYSIS = YES;
				CLANG_WARN_STRICT_PROTOTYPES = YES;
				CLANG_WARN_SUSPICIOUS_MOVE = YES;
				CLANG_WARN_UNGUARDED_AVAILABILITY = YES_AGGRESSIVE;
				CLANG_WARN_UNREACHABLE_CODE = YES;
				CLANG_WARN__DUPLICATE_METHOD_MATCH = YES;
				CODE_SIGN_IDENTITY = "iPhone Developer";
				COPY_PHASE_STRIP = NO;
				DEBUG_INFORMATION_FORMAT = dwarf;
				ENABLE_STRICT_OBJC_MSGSEND = YES;
				ENABLE_TESTABILITY = YES;
				GCC_C_LANGUAGE_STANDARD = gnu11;
				GCC_DYNAMIC_NO_PIC = NO;
				GCC_NO_COMMON_BLOCKS = YES;
				GCC_OPTIMIZATION_LEVEL = 0;
				GCC_PREPROCESSOR_DEFINITIONS = (
					"DEBUG=1",
					"$(inherited)",
				);
				GCC_WARN_64_TO_32_BIT_CONVERSION = YES;
				GCC_WARN_ABOUT_RETURN_TYPE = YES_ERROR;
				GCC_WARN_UNDECLARED_SELECTOR = YES;
				GCC_WARN_UNINITIALIZED_AUTOS = YES_AGGRESSIVE;
				GCC_WARN_UNUSED_FUNCTION = YES;
				GCC_WARN_UNUSED_VARIABLE = YES;
				IPHONEOS_DEPLOYMENT_TARGET = 10.0;
				MTL_ENABLE_DEBUG_INFO = INCLUDE_SOURCE;
				MTL_FAST_MATH = YES;
				ONLY_ACTIVE_ARCH = YES;
				SDKROOT = iphoneos;
				SWIFT_ACTIVE_COMPILATION_CONDITIONS = DEBUG;
				SWIFT_OPTIMIZATION_LEVEL = "-Onone";
			};
			name = Debug;
		};
		8B3110A721C2682E001282B2 /* Release */ = {
			isa = XCBuildConfiguration;
			buildSettings = {
				ALWAYS_SEARCH_USER_PATHS = NO;
				CLANG_ANALYZER_NONNULL = YES;
				CLANG_ANALYZER_NUMBER_OBJECT_CONVERSION = YES_AGGRESSIVE;
				CLANG_CXX_LANGUAGE_STANDARD = "gnu++14";
				CLANG_CXX_LIBRARY = "libc++";
				CLANG_ENABLE_MODULES = YES;
				CLANG_ENABLE_OBJC_ARC = YES;
				CLANG_ENABLE_OBJC_WEAK = YES;
				CLANG_WARN_BLOCK_CAPTURE_AUTORELEASING = YES;
				CLANG_WARN_BOOL_CONVERSION = YES;
				CLANG_WARN_COMMA = YES;
				CLANG_WARN_CONSTANT_CONVERSION = YES;
				CLANG_WARN_DEPRECATED_OBJC_IMPLEMENTATIONS = YES;
				CLANG_WARN_DIRECT_OBJC_ISA_USAGE = YES_ERROR;
				CLANG_WARN_DOCUMENTATION_COMMENTS = YES;
				CLANG_WARN_EMPTY_BODY = YES;
				CLANG_WARN_ENUM_CONVERSION = YES;
				CLANG_WARN_INFINITE_RECURSION = YES;
				CLANG_WARN_INT_CONVERSION = YES;
				CLANG_WARN_NON_LITERAL_NULL_CONVERSION = YES;
				CLANG_WARN_OBJC_IMPLICIT_RETAIN_SELF = YES;
				CLANG_WARN_OBJC_LITERAL_CONVERSION = YES;
				CLANG_WARN_OBJC_ROOT_CLASS = YES_ERROR;
				CLANG_WARN_RANGE_LOOP_ANALYSIS = YES;
				CLANG_WARN_STRICT_PROTOTYPES = YES;
				CLANG_WARN_SUSPICIOUS_MOVE = YES;
				CLANG_WARN_UNGUARDED_AVAILABILITY = YES_AGGRESSIVE;
				CLANG_WARN_UNREACHABLE_CODE = YES;
				CLANG_WARN__DUPLICATE_METHOD_MATCH = YES;
				CODE_SIGN_IDENTITY = "iPhone Developer";
				COPY_PHASE_STRIP = NO;
				DEBUG_INFORMATION_FORMAT = "dwarf-with-dsym";
				ENABLE_NS_ASSERTIONS = NO;
				ENABLE_STRICT_OBJC_MSGSEND = YES;
				GCC_C_LANGUAGE_STANDARD = gnu11;
				GCC_NO_COMMON_BLOCKS = YES;
				GCC_WARN_64_TO_32_BIT_CONVERSION = YES;
				GCC_WARN_ABOUT_RETURN_TYPE = YES_ERROR;
				GCC_WARN_UNDECLARED_SELECTOR = YES;
				GCC_WARN_UNINITIALIZED_AUTOS = YES_AGGRESSIVE;
				GCC_WARN_UNUSED_FUNCTION = YES;
				GCC_WARN_UNUSED_VARIABLE = YES;
				IPHONEOS_DEPLOYMENT_TARGET = 10.0;
				MTL_ENABLE_DEBUG_INFO = NO;
				MTL_FAST_MATH = YES;
				SDKROOT = iphoneos;
				SWIFT_COMPILATION_MODE = wholemodule;
				SWIFT_OPTIMIZATION_LEVEL = "-O";
				VALIDATE_PRODUCT = YES;
			};
			name = Release;
		};
		8B3110A921C2682E001282B2 /* Debug */ = {
			isa = XCBuildConfiguration;
			buildSettings = {
				ASSETCATALOG_COMPILER_APPICON_NAME = AppIcon;
				CODE_SIGN_STYLE = Manual;
				DEVELOPMENT_TEAM = "";
				INFOPLIST_FILE = "$(SRCROOT)/CoreDataStackExample/Info.plist";
				LD_RUNPATH_SEARCH_PATHS = (
					"$(inherited)",
					"@executable_path/Frameworks",
				);
				PRODUCT_BUNDLE_IDENTIFIER = com.booeat.CoreDataStack;
				PRODUCT_NAME = "$(TARGET_NAME)";
				PROVISIONING_PROFILE_SPECIFIER = "";
				SWIFT_VERSION = 4.2;
				TARGETED_DEVICE_FAMILY = "1,2";
			};
			name = Debug;
		};
		8B3110AA21C2682E001282B2 /* Release */ = {
			isa = XCBuildConfiguration;
			buildSettings = {
				ASSETCATALOG_COMPILER_APPICON_NAME = AppIcon;
				CODE_SIGN_STYLE = Manual;
				DEVELOPMENT_TEAM = "";
				INFOPLIST_FILE = "$(SRCROOT)/CoreDataStackExample/Info.plist";
				LD_RUNPATH_SEARCH_PATHS = (
					"$(inherited)",
					"@executable_path/Frameworks",
				);
				PRODUCT_BUNDLE_IDENTIFIER = com.booeat.CoreDataStack;
				PRODUCT_NAME = "$(TARGET_NAME)";
				PROVISIONING_PROFILE_SPECIFIER = "";
				SWIFT_VERSION = 4.2;
				TARGETED_DEVICE_FAMILY = "1,2";
			};
			name = Release;
		};
/* End XCBuildConfiguration section */

/* Begin XCConfigurationList section */
		8B31109121C2682D001282B2 /* Build configuration list for PBXProject "CoreDataStackExample" */ = {
			isa = XCConfigurationList;
			buildConfigurations = (
				8B3110A621C2682E001282B2 /* Debug */,
				8B3110A721C2682E001282B2 /* Release */,
			);
			defaultConfigurationIsVisible = 0;
			defaultConfigurationName = Release;
		};
		8B3110A821C2682E001282B2 /* Build configuration list for PBXNativeTarget "CoreDataStackExample" */ = {
			isa = XCConfigurationList;
			buildConfigurations = (
				8B3110A921C2682E001282B2 /* Debug */,
				8B3110AA21C2682E001282B2 /* Release */,
			);
			defaultConfigurationIsVisible = 0;
			defaultConfigurationName = Release;
		};
/* End XCConfigurationList section */

/* Begin XCVersionGroup section */
		8B3110B921C27D5A001282B2 /* TestCoreData.xcdatamodeld */ = {
			isa = XCVersionGroup;
			children = (
				8B3110BA21C27D5A001282B2 /* TestCoreData.xcdatamodel */,
			);
			currentVersion = 8B3110BA21C27D5A001282B2 /* TestCoreData.xcdatamodel */;
			path = TestCoreData.xcdatamodeld;
			sourceTree = "<group>";
			versionGroupType = wrapper.xcdatamodel;
		};
/* End XCVersionGroup section */
	};
	rootObject = 8B31108E21C2682D001282B2 /* Project object */;
}
